
Microsoft Visual Studio Solution File, Format Version 12.00
# Visual Studio Version 17
VisualStudioVersion = 17.0.31903.59
MinimumVisualStudioVersion = 10.0.40219.1
Project("{FAE04EC0-301F-11D3-BF4B-00C04F79EFBC}") = "PairProgramming.Data", "PairProgramming.Data\PairProgramming.Data.csproj", "{D669569A-AFFA-491C-A9B9-3D32F4C0029B}"
EndProject
Project("{FAE04EC0-301F-11D3-BF4B-00C04F79EFBC}") = "PairProgramming.Repository", "PairProgramming.Repository\PairProgramming.Repository.csproj", "{3B1E6AEC-CF5C-4EE7-B62F-013359DAFFE5}"
EndProject
Project("{FAE04EC0-301F-11D3-BF4B-00C04F79EFBC}") = "PairProgramming.UI", "PairProgramming.UI\PairProgramming.UI.csproj", "{F55DE830-EE54-427E-8903-3BBFC7415DDE}"
EndProject
Global
	GlobalSection(SolutionConfigurationPlatforms) = preSolution
		Debug|Any CPU = Debug|Any CPU
		Release|Any CPU = Release|Any CPU
	EndGlobalSection
	GlobalSection(SolutionProperties) = preSolution
		HideSolutionNode = FALSE
	EndGlobalSection
	GlobalSection(ProjectConfigurationPlatforms) = postSolution
		{D669569A-AFFA-491C-A9B9-3D32F4C0029B}.Debug|Any CPU.ActiveCfg = Debug|Any CPU
		{D669569A-AFFA-491C-A9B9-3D32F4C0029B}.Debug|Any CPU.Build.0 = Debug|Any CPU
		{D669569A-AFFA-491C-A9B9-3D32F4C0029B}.Release|Any CPU.ActiveCfg = Release|Any CPU
		{D669569A-AFFA-491C-A9B9-3D32F4C0029B}.Release|Any CPU.Build.0 = Release|Any CPU
		{3B1E6AEC-CF5C-4EE7-B62F-013359DAFFE5}.Debug|Any CPU.ActiveCfg = Debug|Any CPU
		{3B1E6AEC-CF5C-4EE7-B62F-013359DAFFE5}.Debug|Any CPU.Build.0 = Debug|Any CPU
		{3B1E6AEC-CF5C-4EE7-B62F-013359DAFFE5}.Release|Any CPU.ActiveCfg = Release|Any CPU
		{3B1E6AEC-CF5C-4EE7-B62F-013359DAFFE5}.Release|Any CPU.Build.0 = Release|Any CPU
		{F55DE830-EE54-427E-8903-3BBFC7415DDE}.Debug|Any CPU.ActiveCfg = Debug|Any CPU
		{F55DE830-EE54-427E-8903-3BBFC7415DDE}.Debug|Any CPU.Build.0 = Debug|Any CPU
		{F55DE830-EE54-427E-8903-3BBFC7415DDE}.Release|Any CPU.ActiveCfg = Release|Any CPU
		{F55DE830-EE54-427E-8903-3BBFC7415DDE}.Release|Any CPU.Build.0 = Release|Any CPU
	EndGlobalSection
EndGlobal
